
Microsoft Visual Studio Solution File, Format Version 12.00
# Visual Studio Version 16
VisualStudioVersion = 16.0.31019.35
MinimumVisualStudioVersion = 10.0.40219.1
Project("{FAE04EC0-301F-11D3-BF4B-00C04F79EFBC}") = "tsetOfFramework", "tsetOfFramework\tsetOfFramework.csproj", "{CE50B6C0-CDAA-4EEF-9CA3-7C2FDD972932}"
EndProject
Global
	GlobalSection(SolutionConfigurationPlatforms) = preSolution
		Debug|Any CPU = Debug|Any CPU
		Release|Any CPU = Release|Any CPU
	EndGlobalSection
	GlobalSection(ProjectConfigurationPlatforms) = postSolution
		{CE50B6C0-CDAA-4EEF-9CA3-7C2FDD972932}.Debug|Any CPU.ActiveCfg = Debug|Any CPU
		{CE50B6C0-CDAA-4EEF-9CA3-7C2FDD972932}.Debug|Any CPU.Build.0 = Debug|Any CPU
		{CE50B6C0-CDAA-4EEF-9CA3-7C2FDD972932}.Release|Any CPU.ActiveCfg = Release|Any CPU
		{CE50B6C0-CDAA-4EEF-9CA3-7C2FDD972932}.Release|Any CPU.Build.0 = Release|Any CPU
	EndGlobalSection
	GlobalSection(SolutionProperties) = preSolution
		HideSolutionNode = FALSE
	EndGlobalSection
	GlobalSection(ExtensibilityGlobals) = postSolution
		SolutionGuid = {5A474F29-A10D-4C19-9614-DE47F451BC69}
	EndGlobalSection
EndGlobal
