
Microsoft Visual Studio Solution File, Format Version 12.00
# Visual Studio Version 16
VisualStudioVersion = 16.0.31025.194
MinimumVisualStudioVersion = 10.0.40219.1
Project("{FAE04EC0-301F-11D3-BF4B-00C04F79EFBC}") = "shape_class", "shape_class.csproj", "{9857CB04-43C5-4C93-8024-C5103359FB69}"
EndProject
Global
	GlobalSection(SolutionConfigurationPlatforms) = preSolution
		Debug|Any CPU = Debug|Any CPU
		Release|Any CPU = Release|Any CPU
	EndGlobalSection
	GlobalSection(ProjectConfigurationPlatforms) = postSolution
		{9857CB04-43C5-4C93-8024-C5103359FB69}.Debug|Any CPU.ActiveCfg = Debug|Any CPU
		{9857CB04-43C5-4C93-8024-C5103359FB69}.Debug|Any CPU.Build.0 = Debug|Any CPU
		{9857CB04-43C5-4C93-8024-C5103359FB69}.Release|Any CPU.ActiveCfg = Release|Any CPU
		{9857CB04-43C5-4C93-8024-C5103359FB69}.Release|Any CPU.Build.0 = Release|Any CPU
	EndGlobalSection
	GlobalSection(SolutionProperties) = preSolution
		HideSolutionNode = FALSE
	EndGlobalSection
	GlobalSection(ExtensibilityGlobals) = postSolution
		SolutionGuid = {151D58A0-B743-4F77-95A3-068A0DF19865}
	EndGlobalSection
EndGlobal
