
Microsoft Visual Studio Solution File, Format Version 12.00
# Visual Studio Version 16
VisualStudioVersion = 16.0.31025.194
MinimumVisualStudioVersion = 10.0.40219.1
Project("{FAE04EC0-301F-11D3-BF4B-00C04F79EFBC}") = "prime_factor", "prime_factor.csproj", "{6192DA24-C4CC-4F16-B25E-ABC2B2F865A9}"
EndProject
Global
	GlobalSection(SolutionConfigurationPlatforms) = preSolution
		Debug|Any CPU = Debug|Any CPU
		Release|Any CPU = Release|Any CPU
	EndGlobalSection
	GlobalSection(ProjectConfigurationPlatforms) = postSolution
		{6192DA24-C4CC-4F16-B25E-ABC2B2F865A9}.Debug|Any CPU.ActiveCfg = Debug|Any CPU
		{6192DA24-C4CC-4F16-B25E-ABC2B2F865A9}.Debug|Any CPU.Build.0 = Debug|Any CPU
		{6192DA24-C4CC-4F16-B25E-ABC2B2F865A9}.Release|Any CPU.ActiveCfg = Release|Any CPU
		{6192DA24-C4CC-4F16-B25E-ABC2B2F865A9}.Release|Any CPU.Build.0 = Release|Any CPU
	EndGlobalSection
	GlobalSection(SolutionProperties) = preSolution
		HideSolutionNode = FALSE
	EndGlobalSection
	GlobalSection(ExtensibilityGlobals) = postSolution
		SolutionGuid = {1996DB1D-F911-42AC-845D-F61076309A49}
	EndGlobalSection
EndGlobal
